
Microsoft Visual Studio Solution File, Format Version 12.00
# Visual Studio Version 16
VisualStudioVersion = 16.0.29009.5
MinimumVisualStudioVersion = 10.0.40219.1
Project("{FAE04EC0-301F-11D3-BF4B-00C04F79EFBC}") = "IndividualWork", "IndividualWork\IndividualWork.csproj", "{F023DF77-B2FF-4B49-9D8D-36C33D93F600}"
EndProject
Global
	GlobalSection(SolutionConfigurationPlatforms) = preSolution
		Debug|Any CPU = Debug|Any CPU
		Release|Any CPU = Release|Any CPU
	EndGlobalSection
	GlobalSection(ProjectConfigurationPlatforms) = postSolution
		{F023DF77-B2FF-4B49-9D8D-36C33D93F600}.Debug|Any CPU.ActiveCfg = Debug|Any CPU
		{F023DF77-B2FF-4B49-9D8D-36C33D93F600}.Debug|Any CPU.Build.0 = Debug|Any CPU
		{F023DF77-B2FF-4B49-9D8D-36C33D93F600}.Release|Any CPU.ActiveCfg = Release|Any CPU
		{F023DF77-B2FF-4B49-9D8D-36C33D93F600}.Release|Any CPU.Build.0 = Release|Any CPU
	EndGlobalSection
	GlobalSection(SolutionProperties) = preSolution
		HideSolutionNode = FALSE
	EndGlobalSection
	GlobalSection(ExtensibilityGlobals) = postSolution
		SolutionGuid = {0A253ECD-7A19-4840-B5A0-3E0DF6D6CE4E}
	EndGlobalSection
EndGlobal
